
Microsoft Visual Studio Solution File, Format Version 12.00
# Visual Studio 14
VisualStudioVersion = 14.0.24720.0
MinimumVisualStudioVersion = 10.0.40219.1
Project("{FAE04EC0-301F-11D3-BF4B-00C04F79EFBC}") = "Test", "SocialNetwork\Test.csproj", "{525ACB26-1074-46FF-B0D6-442508FF948B}"
EndProject
Project("{FAE04EC0-301F-11D3-BF4B-00C04F79EFBC}") = "DAL", "DAL\DAL.csproj", "{33FF5FEC-A6D4-482B-9871-1EDC96386B8D}"
EndProject
Project("{FAE04EC0-301F-11D3-BF4B-00C04F79EFBC}") = "Riganti.Utils.Infrastructure.Core", "Riganti.Utils.Infrastructure.Core\Riganti.Utils.Infrastructure.Core.csproj", "{43943D75-B4C8-4152-80CF-E6510BF3DB23}"
EndProject
Project("{FAE04EC0-301F-11D3-BF4B-00C04F79EFBC}") = "Riganti.Utils.Infrastructure.EntityFramework", "Riganti.Utils.Infrastructure.EntityFramework\Riganti.Utils.Infrastructure.EntityFramework.csproj", "{3C1E4BE0-8351-461D-AF36-746D726CFD48}"
EndProject
Project("{FAE04EC0-301F-11D3-BF4B-00C04F79EFBC}") = "BL", "BL\BL.csproj", "{BC2BC0E1-A73F-45EF-8864-76085626EBC2}"
EndProject
Project("{FAE04EC0-301F-11D3-BF4B-00C04F79EFBC}") = "Utils", "Utils\Utils.csproj", "{FA4FDAF6-ED01-4FB2-BC85-389C5F0C7CE2}"
EndProject
Global
	GlobalSection(SolutionConfigurationPlatforms) = preSolution
		Debug|Any CPU = Debug|Any CPU
		Debug|ARM = Debug|ARM
		Debug|x64 = Debug|x64
		Debug|x86 = Debug|x86
		Release|Any CPU = Release|Any CPU
		Release|ARM = Release|ARM
		Release|x64 = Release|x64
		Release|x86 = Release|x86
	EndGlobalSection
	GlobalSection(ProjectConfigurationPlatforms) = postSolution
		{525ACB26-1074-46FF-B0D6-442508FF948B}.Debug|Any CPU.ActiveCfg = Debug|Any CPU
		{525ACB26-1074-46FF-B0D6-442508FF948B}.Debug|Any CPU.Build.0 = Debug|Any CPU
		{525ACB26-1074-46FF-B0D6-442508FF948B}.Debug|ARM.ActiveCfg = Debug|Any CPU
		{525ACB26-1074-46FF-B0D6-442508FF948B}.Debug|ARM.Build.0 = Debug|Any CPU
		{525ACB26-1074-46FF-B0D6-442508FF948B}.Debug|x64.ActiveCfg = Debug|Any CPU
		{525ACB26-1074-46FF-B0D6-442508FF948B}.Debug|x64.Build.0 = Debug|Any CPU
		{525ACB26-1074-46FF-B0D6-442508FF948B}.Debug|x86.ActiveCfg = Debug|Any CPU
		{525ACB26-1074-46FF-B0D6-442508FF948B}.Debug|x86.Build.0 = Debug|Any CPU
		{525ACB26-1074-46FF-B0D6-442508FF948B}.Release|Any CPU.ActiveCfg = Release|Any CPU
		{525ACB26-1074-46FF-B0D6-442508FF948B}.Release|Any CPU.Build.0 = Release|Any CPU
		{525ACB26-1074-46FF-B0D6-442508FF948B}.Release|ARM.ActiveCfg = Release|Any CPU
		{525ACB26-1074-46FF-B0D6-442508FF948B}.Release|ARM.Build.0 = Release|Any CPU
		{525ACB26-1074-46FF-B0D6-442508FF948B}.Release|x64.ActiveCfg = Release|Any CPU
		{525ACB26-1074-46FF-B0D6-442508FF948B}.Release|x64.Build.0 = Release|Any CPU
		{525ACB26-1074-46FF-B0D6-442508FF948B}.Release|x86.ActiveCfg = Release|Any CPU
		{525ACB26-1074-46FF-B0D6-442508FF948B}.Release|x86.Build.0 = Release|Any CPU
		{33FF5FEC-A6D4-482B-9871-1EDC96386B8D}.Debug|Any CPU.ActiveCfg = Debug|Any CPU
		{33FF5FEC-A6D4-482B-9871-1EDC96386B8D}.Debug|Any CPU.Build.0 = Debug|Any CPU
		{33FF5FEC-A6D4-482B-9871-1EDC96386B8D}.Debug|ARM.ActiveCfg = Debug|Any CPU
		{33FF5FEC-A6D4-482B-9871-1EDC96386B8D}.Debug|ARM.Build.0 = Debug|Any CPU
		{33FF5FEC-A6D4-482B-9871-1EDC96386B8D}.Debug|x64.ActiveCfg = Debug|Any CPU
		{33FF5FEC-A6D4-482B-9871-1EDC96386B8D}.Debug|x64.Build.0 = Debug|Any CPU
		{33FF5FEC-A6D4-482B-9871-1EDC96386B8D}.Debug|x86.ActiveCfg = Debug|Any CPU
		{33FF5FEC-A6D4-482B-9871-1EDC96386B8D}.Debug|x86.Build.0 = Debug|Any CPU
		{33FF5FEC-A6D4-482B-9871-1EDC96386B8D}.Release|Any CPU.ActiveCfg = Release|Any CPU
		{33FF5FEC-A6D4-482B-9871-1EDC96386B8D}.Release|Any CPU.Build.0 = Release|Any CPU
		{33FF5FEC-A6D4-482B-9871-1EDC96386B8D}.Release|ARM.ActiveCfg = Release|Any CPU
		{33FF5FEC-A6D4-482B-9871-1EDC96386B8D}.Release|ARM.Build.0 = Release|Any CPU
		{33FF5FEC-A6D4-482B-9871-1EDC96386B8D}.Release|x64.ActiveCfg = Release|Any CPU
		{33FF5FEC-A6D4-482B-9871-1EDC96386B8D}.Release|x64.Build.0 = Release|Any CPU
		{33FF5FEC-A6D4-482B-9871-1EDC96386B8D}.Release|x86.ActiveCfg = Release|Any CPU
		{33FF5FEC-A6D4-482B-9871-1EDC96386B8D}.Release|x86.Build.0 = Release|Any CPU
		{43943D75-B4C8-4152-80CF-E6510BF3DB23}.Debug|Any CPU.ActiveCfg = Debug|Any CPU
		{43943D75-B4C8-4152-80CF-E6510BF3DB23}.Debug|Any CPU.Build.0 = Debug|Any CPU
		{43943D75-B4C8-4152-80CF-E6510BF3DB23}.Debug|ARM.ActiveCfg = Debug|Any CPU
		{43943D75-B4C8-4152-80CF-E6510BF3DB23}.Debug|ARM.Build.0 = Debug|Any CPU
		{43943D75-B4C8-4152-80CF-E6510BF3DB23}.Debug|x64.ActiveCfg = Debug|Any CPU
		{43943D75-B4C8-4152-80CF-E6510BF3DB23}.Debug|x64.Build.0 = Debug|Any CPU
		{43943D75-B4C8-4152-80CF-E6510BF3DB23}.Debug|x86.ActiveCfg = Debug|Any CPU
		{43943D75-B4C8-4152-80CF-E6510BF3DB23}.Debug|x86.Build.0 = Debug|Any CPU
		{43943D75-B4C8-4152-80CF-E6510BF3DB23}.Release|Any CPU.ActiveCfg = Release|Any CPU
		{43943D75-B4C8-4152-80CF-E6510BF3DB23}.Release|Any CPU.Build.0 = Release|Any CPU
		{43943D75-B4C8-4152-80CF-E6510BF3DB23}.Release|ARM.ActiveCfg = Release|Any CPU
		{43943D75-B4C8-4152-80CF-E6510BF3DB23}.Release|ARM.Build.0 = Release|Any CPU
		{43943D75-B4C8-4152-80CF-E6510BF3DB23}.Release|x64.ActiveCfg = Release|Any CPU
		{43943D75-B4C8-4152-80CF-E6510BF3DB23}.Release|x64.Build.0 = Release|Any CPU
		{43943D75-B4C8-4152-80CF-E6510BF3DB23}.Release|x86.ActiveCfg = Release|Any CPU
		{43943D75-B4C8-4152-80CF-E6510BF3DB23}.Release|x86.Build.0 = Release|Any CPU
		{3C1E4BE0-8351-461D-AF36-746D726CFD48}.Debug|Any CPU.ActiveCfg = Debug|Any CPU
		{3C1E4BE0-8351-461D-AF36-746D726CFD48}.Debug|Any CPU.Build.0 = Debug|Any CPU
		{3C1E4BE0-8351-461D-AF36-746D726CFD48}.Debug|ARM.ActiveCfg = Debug|Any CPU
		{3C1E4BE0-8351-461D-AF36-746D726CFD48}.Debug|ARM.Build.0 = Debug|Any CPU
		{3C1E4BE0-8351-461D-AF36-746D726CFD48}.Debug|x64.ActiveCfg = Debug|Any CPU
		{3C1E4BE0-8351-461D-AF36-746D726CFD48}.Debug|x64.Build.0 = Debug|Any CPU
		{3C1E4BE0-8351-461D-AF36-746D726CFD48}.Debug|x86.ActiveCfg = Debug|Any CPU
		{3C1E4BE0-8351-461D-AF36-746D726CFD48}.Debug|x86.Build.0 = Debug|Any CPU
		{3C1E4BE0-8351-461D-AF36-746D726CFD48}.Release|Any CPU.ActiveCfg = Release|Any CPU
		{3C1E4BE0-8351-461D-AF36-746D726CFD48}.Release|Any CPU.Build.0 = Release|Any CPU
		{3C1E4BE0-8351-461D-AF36-746D726CFD48}.Release|ARM.ActiveCfg = Release|Any CPU
		{3C1E4BE0-8351-461D-AF36-746D726CFD48}.Release|ARM.Build.0 = Release|Any CPU
		{3C1E4BE0-8351-461D-AF36-746D726CFD48}.Release|x64.ActiveCfg = Release|Any CPU
		{3C1E4BE0-8351-461D-AF36-746D726CFD48}.Release|x64.Build.0 = Release|Any CPU
		{3C1E4BE0-8351-461D-AF36-746D726CFD48}.Release|x86.ActiveCfg = Release|Any CPU
		{3C1E4BE0-8351-461D-AF36-746D726CFD48}.Release|x86.Build.0 = Release|Any CPU
		{BC2BC0E1-A73F-45EF-8864-76085626EBC2}.Debug|Any CPU.ActiveCfg = Debug|Any CPU
		{BC2BC0E1-A73F-45EF-8864-76085626EBC2}.Debug|Any CPU.Build.0 = Debug|Any CPU
		{BC2BC0E1-A73F-45EF-8864-76085626EBC2}.Debug|ARM.ActiveCfg = Debug|Any CPU
		{BC2BC0E1-A73F-45EF-8864-76085626EBC2}.Debug|ARM.Build.0 = Debug|Any CPU
		{BC2BC0E1-A73F-45EF-8864-76085626EBC2}.Debug|x64.ActiveCfg = Debug|Any CPU
		{BC2BC0E1-A73F-45EF-8864-76085626EBC2}.Debug|x64.Build.0 = Debug|Any CPU
		{BC2BC0E1-A73F-45EF-8864-76085626EBC2}.Debug|x86.ActiveCfg = Debug|Any CPU
		{BC2BC0E1-A73F-45EF-8864-76085626EBC2}.Debug|x86.Build.0 = Debug|Any CPU
		{BC2BC0E1-A73F-45EF-8864-76085626EBC2}.Release|Any CPU.ActiveCfg = Release|Any CPU
		{BC2BC0E1-A73F-45EF-8864-76085626EBC2}.Release|Any CPU.Build.0 = Release|Any CPU
		{BC2BC0E1-A73F-45EF-8864-76085626EBC2}.Release|ARM.ActiveCfg = Release|Any CPU
		{BC2BC0E1-A73F-45EF-8864-76085626EBC2}.Release|ARM.Build.0 = Release|Any CPU
		{BC2BC0E1-A73F-45EF-8864-76085626EBC2}.Release|x64.ActiveCfg = Release|Any CPU
		{BC2BC0E1-A73F-45EF-8864-76085626EBC2}.Release|x64.Build.0 = Release|Any CPU
		{BC2BC0E1-A73F-45EF-8864-76085626EBC2}.Release|x86.ActiveCfg = Release|Any CPU
		{BC2BC0E1-A73F-45EF-8864-76085626EBC2}.Release|x86.Build.0 = Release|Any CPU
		{FA4FDAF6-ED01-4FB2-BC85-389C5F0C7CE2}.Debug|Any CPU.ActiveCfg = Debug|Any CPU
		{FA4FDAF6-ED01-4FB2-BC85-389C5F0C7CE2}.Debug|Any CPU.Build.0 = Debug|Any CPU
		{FA4FDAF6-ED01-4FB2-BC85-389C5F0C7CE2}.Debug|ARM.ActiveCfg = Debug|Any CPU
		{FA4FDAF6-ED01-4FB2-BC85-389C5F0C7CE2}.Debug|ARM.Build.0 = Debug|Any CPU
		{FA4FDAF6-ED01-4FB2-BC85-389C5F0C7CE2}.Debug|x64.ActiveCfg = Debug|Any CPU
		{FA4FDAF6-ED01-4FB2-BC85-389C5F0C7CE2}.Debug|x64.Build.0 = Debug|Any CPU
		{FA4FDAF6-ED01-4FB2-BC85-389C5F0C7CE2}.Debug|x86.ActiveCfg = Debug|Any CPU
		{FA4FDAF6-ED01-4FB2-BC85-389C5F0C7CE2}.Debug|x86.Build.0 = Debug|Any CPU
		{FA4FDAF6-ED01-4FB2-BC85-389C5F0C7CE2}.Release|Any CPU.ActiveCfg = Release|Any CPU
		{FA4FDAF6-ED01-4FB2-BC85-389C5F0C7CE2}.Release|Any CPU.Build.0 = Release|Any CPU
		{FA4FDAF6-ED01-4FB2-BC85-389C5F0C7CE2}.Release|ARM.ActiveCfg = Release|Any CPU
		{FA4FDAF6-ED01-4FB2-BC85-389C5F0C7CE2}.Release|ARM.Build.0 = Release|Any CPU
		{FA4FDAF6-ED01-4FB2-BC85-389C5F0C7CE2}.Release|x64.ActiveCfg = Release|Any CPU
		{FA4FDAF6-ED01-4FB2-BC85-389C5F0C7CE2}.Release|x64.Build.0 = Release|Any CPU
		{FA4FDAF6-ED01-4FB2-BC85-389C5F0C7CE2}.Release|x86.ActiveCfg = Release|Any CPU
		{FA4FDAF6-ED01-4FB2-BC85-389C5F0C7CE2}.Release|x86.Build.0 = Release|Any CPU
	EndGlobalSection
	GlobalSection(SolutionProperties) = preSolution
		HideSolutionNode = FALSE
	EndGlobalSection
EndGlobal
